PODS:
  - GoogleMaps (8.0.0):
    - GoogleMaps/Maps (= 8.0.0)
  - GoogleMaps/Base (8.0.0)
  - GoogleMaps/Maps (8.0.0):
    - GoogleMaps/Base

DEPENDENCIES:
  - GoogleMaps (= 8.0.0)

SPEC REPOS:
  trunk:
    - GoogleMaps

SPEC CHECKSUMS:
  GoogleMaps: 0dce473ab18742d0f327887853630927cbee9127

PODFILE CHECKSUM: c720f347f616d4b04d86e1a8dd5c6d0204d39f33

COCOAPODS: 1.12.1
