// !$*UTF8*$!
{
	archiveVersion = 1;
	classes = {
	};
	objectVersion = 56;
	objects = {

/* Begin PBXBuildFile section */
		19B82CC4EEBBF887AB9406B1 /* Pods_TravelMeitApp.framework in Frameworks */ = {isa = PBXBuildFile; fileRef = D74C196DA94174E1A0EAF930 /* Pods_TravelMeitApp.framework */; };
		A23021652A3BC68F0030BFAE /* CachedAsyncImage.swift in Sources */ = {isa = PBXBuildFile; fileRef = A23021642A3BC68F0030BFAE /* CachedAsyncImage.swift */; };
		A28C13512A28317300E19E29 /* LocationManager.swift in Sources */ = {isa = PBXBuildFile; fileRef = A28C13502A28317300E19E29 /* LocationManager.swift */; };
		A2948DD42A250D2C00928576 /* Monuments.swift in Sources */ = {isa = PBXBuildFile; fileRef = A2948DD32A250D2C00928576 /* Monuments.swift */; };
		A2948DD72A250D4900928576 /* APIService.swift in Sources */ = {isa = PBXBuildFile; fileRef = A2948DD62A250D4900928576 /* APIService.swift */; };
		A2948DD92A250D6000928576 /* MonumentsListViewModel.swift in Sources */ = {isa = PBXBuildFile; fileRef = A2948DD82A250D6000928576 /* MonumentsListViewModel.swift */; };
		A2948DDB2A252E8200928576 /* MonumentsResponse.swift in Sources */ = {isa = PBXBuildFile; fileRef = A2948DDA2A252E8200928576 /* MonumentsResponse.swift */; };
		A2B4D32A2A24FE5500BA5635 /* RoundedCorners.swift in Sources */ = {isa = PBXBuildFile; fileRef = A2B4D3292A24FE5500BA5635 /* RoundedCorners.swift */; };
		A2D19E902A3431EA00898083 /* AppSettings.swift in Sources */ = {isa = PBXBuildFile; fileRef = A2D19E8F2A3431EA00898083 /* AppSettings.swift */; };
		F815232D2A1FFD6100C9FB41 /* MonumentCelView.swift in Sources */ = {isa = PBXBuildFile; fileRef = F815232C2A1FFD6100C9FB41 /* MonumentCelView.swift */; };
		F815232F2A20233700C9FB41 /* MonumentsListView.swift in Sources */ = {isa = PBXBuildFile; fileRef = F815232E2A20233700C9FB41 /* MonumentsListView.swift */; };
		F81523312A238E8D00C9FB41 /* MonumentDetailView.swift in Sources */ = {isa = PBXBuildFile; fileRef = F81523302A238E8D00C9FB41 /* MonumentDetailView.swift */; };
		F81523342A24386700C9FB41 /* Colors.swift in Sources */ = {isa = PBXBuildFile; fileRef = F81523332A24386600C9FB41 /* Colors.swift */; };
		F81523362A26F8E800C9FB41 /* FilterManager.swift in Sources */ = {isa = PBXBuildFile; fileRef = F81523352A26F8E800C9FB41 /* FilterManager.swift */; };
		F8294E382A166B3300FFA3DD /* CreateAccountView.swift in Sources */ = {isa = PBXBuildFile; fileRef = F8294E372A166B3300FFA3DD /* CreateAccountView.swift */; };
		F8294E3A2A16879300FFA3DD /* VistaPruebas.swift in Sources */ = {isa = PBXBuildFile; fileRef = F8294E392A16879300FFA3DD /* VistaPruebas.swift */; };
		F829CE602A150C040098E251 /* TravelMeitAppApp.swift in Sources */ = {isa = PBXBuildFile; fileRef = F829CE5F2A150C040098E251 /* TravelMeitAppApp.swift */; };
		F829CE622A150C040098E251 /* ContentView.swift in Sources */ = {isa = PBXBuildFile; fileRef = F829CE612A150C040098E251 /* ContentView.swift */; };
		F829CE642A150C080098E251 /* Assets.xcassets in Resources */ = {isa = PBXBuildFile; fileRef = F829CE632A150C080098E251 /* Assets.xcassets */; };
		F829CE672A150C080098E251 /* Preview Assets.xcassets in Resources */ = {isa = PBXBuildFile; fileRef = F829CE662A150C080098E251 /* Preview Assets.xcassets */; };
		F83CAE752A32016200C6D5BC /* UserRegistered.swift in Sources */ = {isa = PBXBuildFile; fileRef = F83CAE742A32016200C6D5BC /* UserRegistered.swift */; };
		F8A0BA552A38E1D600B4E4FC /* UserData.swift in Sources */ = {isa = PBXBuildFile; fileRef = F8A0BA542A38E1D600B4E4FC /* UserData.swift */; };
		F8A0BA572A3E1DC800B4E4FC /* GoogleMapsView.swift in Sources */ = {isa = PBXBuildFile; fileRef = F8A0BA562A3E1DC800B4E4FC /* GoogleMapsView.swift */; };
		F8A0BA592A3E1E0200B4E4FC /* MapRouteView.swift in Sources */ = {isa = PBXBuildFile; fileRef = F8A0BA582A3E1E0200B4E4FC /* MapRouteView.swift */; };
		F8A0BA5B2A3E1E4D00B4E4FC /* AppDelegate.swift in Sources */ = {isa = PBXBuildFile; fileRef = F8A0BA5A2A3E1E4D00B4E4FC /* AppDelegate.swift */; };
		F8E7B68C2A2BF47800B62165 /* MonumentDetailViewModel.swift in Sources */ = {isa = PBXBuildFile; fileRef = F8E7B68B2A2BF47800B62165 /* MonumentDetailViewModel.swift */; };
/* End PBXBuildFile section */

/* Begin PBXFileReference section */
		33C1AB6FBA57804E52BE7E64 /* Pods-TravelMeitApp.release.xcconfig */ = {isa = PBXFileReference; includeInIndex = 1; lastKnownFileType = text.xcconfig; name = "Pods-TravelMeitApp.release.xcconfig"; path = "Target Support Files/Pods-TravelMeitApp/Pods-TravelMeitApp.release.xcconfig"; sourceTree = "<group>"; };
		640524DE96F3CF91B5964FD4 /* Pods-TravelMeitApp.debug.xcconfig */ = {isa = PBXFileReference; includeInIndex = 1; lastKnownFileType = text.xcconfig; name = "Pods-TravelMeitApp.debug.xcconfig"; path = "Target Support Files/Pods-TravelMeitApp/Pods-TravelMeitApp.debug.xcconfig"; sourceTree = "<group>"; };
		A23021642A3BC68F0030BFAE /* CachedAsyncImage.swift */ = {isa = PBXFileReference; lastKnownFileType = sourcecode.swift; path = CachedAsyncImage.swift; sourceTree = "<group>"; };
		A28C13502A28317300E19E29 /* LocationManager.swift */ = {isa = PBXFileReference; lastKnownFileType = sourcecode.swift; path = LocationManager.swift; sourceTree = "<group>"; };
		A28C138C2A2845D000E19E29 /* MyLocation.gpx */ = {isa = PBXFileReference; lastKnownFileType = text.xml; path = MyLocation.gpx; sourceTree = "<group>"; };
		A2948DD32A250D2C00928576 /* Monuments.swift */ = {isa = PBXFileReference; lastKnownFileType = sourcecode.swift; path = Monuments.swift; sourceTree = "<group>"; };
		A2948DD62A250D4900928576 /* APIService.swift */ = {isa = PBXFileReference; lastKnownFileType = sourcecode.swift; path = APIService.swift; sourceTree = "<group>"; };
		A2948DD82A250D6000928576 /* MonumentsListViewModel.swift */ = {isa = PBXFileReference; lastKnownFileType = sourcecode.swift; path = MonumentsListViewModel.swift; sourceTree = "<group>"; };
		A2948DDA2A252E8200928576 /* MonumentsResponse.swift */ = {isa = PBXFileReference; lastKnownFileType = sourcecode.swift; path = MonumentsResponse.swift; sourceTree = "<group>"; };
		A2B4D3292A24FE5500BA5635 /* RoundedCorners.swift */ = {isa = PBXFileReference; lastKnownFileType = sourcecode.swift; path = RoundedCorners.swift; sourceTree = "<group>"; };
		A2D19E8F2A3431EA00898083 /* AppSettings.swift */ = {isa = PBXFileReference; lastKnownFileType = sourcecode.swift; path = AppSettings.swift; sourceTree = "<group>"; };
		D74C196DA94174E1A0EAF930 /* Pods_TravelMeitApp.framework */ = {isa = PBXFileReference; explicitFileType = wrapper.framework; includeInIndex = 0; path = Pods_TravelMeitApp.framework; sourceTree = BUILT_PRODUCTS_DIR; };
		F815232C2A1FFD6100C9FB41 /* MonumentCelView.swift */ = {isa = PBXFileReference; lastKnownFileType = sourcecode.swift; path = MonumentCelView.swift; sourceTree = "<group>"; };
		F815232E2A20233700C9FB41 /* MonumentsListView.swift */ = {isa = PBXFileReference; lastKnownFileType = sourcecode.swift; path = MonumentsListView.swift; sourceTree = "<group>"; };
		F81523302A238E8D00C9FB41 /* MonumentDetailView.swift */ = {isa = PBXFileReference; lastKnownFileType = sourcecode.swift; path = MonumentDetailView.swift; sourceTree = "<group>"; };
		F81523332A24386600C9FB41 /* Colors.swift */ = {isa = PBXFileReference; lastKnownFileType = sourcecode.swift; path = Colors.swift; sourceTree = "<group>"; };
		F81523352A26F8E800C9FB41 /* FilterManager.swift */ = {isa = PBXFileReference; lastKnownFileType = sourcecode.swift; path = FilterManager.swift; sourceTree = "<group>"; };
		F8294E372A166B3300FFA3DD /* CreateAccountView.swift */ = {isa = PBXFileReference; lastKnownFileType = sourcecode.swift; path = CreateAccountView.swift; sourceTree = "<group>"; };
		F8294E392A16879300FFA3DD /* VistaPruebas.swift */ = {isa = PBXFileReference; lastKnownFileType = sourcecode.swift; path = VistaPruebas.swift; sourceTree = "<group>"; };
		F829CE5C2A150C040098E251 /* TravelMeitApp.app */ = {isa = PBXFileReference; explicitFileType = wrapper.application; includeInIndex = 0; path = TravelMeitApp.app; sourceTree = BUILT_PRODUCTS_DIR; };
		F829CE5F2A150C040098E251 /* TravelMeitAppApp.swift */ = {isa = PBXFileReference; lastKnownFileType = sourcecode.swift; path = TravelMeitAppApp.swift; sourceTree = "<group>"; };
		F829CE612A150C040098E251 /* ContentView.swift */ = {isa = PBXFileReference; lastKnownFileType = sourcecode.swift; path = ContentView.swift; sourceTree = "<group>"; };
		F829CE632A150C080098E251 /* Assets.xcassets */ = {isa = PBXFileReference; lastKnownFileType = folder.assetcatalog; path = Assets.xcassets; sourceTree = "<group>"; };
		F829CE662A150C080098E251 /* Preview Assets.xcassets */ = {isa = PBXFileReference; lastKnownFileType = folder.assetcatalog; path = "Preview Assets.xcassets"; sourceTree = "<group>"; };
		F83CAE742A32016200C6D5BC /* UserRegistered.swift */ = {isa = PBXFileReference; lastKnownFileType = sourcecode.swift; path = UserRegistered.swift; sourceTree = "<group>"; };
		F8A0BA542A38E1D600B4E4FC /* UserData.swift */ = {isa = PBXFileReference; lastKnownFileType = sourcecode.swift; path = UserData.swift; sourceTree = "<group>"; };
		F8A0BA562A3E1DC800B4E4FC /* GoogleMapsView.swift */ = {isa = PBXFileReference; lastKnownFileType = sourcecode.swift; path = GoogleMapsView.swift; sourceTree = "<group>"; };
		F8A0BA582A3E1E0200B4E4FC /* MapRouteView.swift */ = {isa = PBXFileReference; lastKnownFileType = sourcecode.swift; path = MapRouteView.swift; sourceTree = "<group>"; };
		F8A0BA5A2A3E1E4D00B4E4FC /* AppDelegate.swift */ = {isa = PBXFileReference; lastKnownFileType = sourcecode.swift; path = AppDelegate.swift; sourceTree = "<group>"; };
		F8E7B68B2A2BF47800B62165 /* MonumentDetailViewModel.swift */ = {isa = PBXFileReference; lastKnownFileType = sourcecode.swift; path = MonumentDetailViewModel.swift; sourceTree = "<group>"; };
		F8E7B68D2A2C429F00B62165 /* Info.plist */ = {isa = PBXFileReference; lastKnownFileType = text.plist; path = Info.plist; sourceTree = "<group>"; };
/* End PBXFileReference section */

/* Begin PBXFrameworksBuildPhase section */
		F829CE592A150C040098E251 /* Frameworks */ = {
			isa = PBXFrameworksBuildPhase;
			buildActionMask = 2147483647;
			files = (
				19B82CC4EEBBF887AB9406B1 /* Pods_TravelMeitApp.framework in Frameworks */,
			);
			runOnlyForDeploymentPostprocessing = 0;
		};
/* End PBXFrameworksBuildPhase section */

/* Begin PBXGroup section */
		7D1373508854875BCCBE9E70 /* Pods */ = {
			isa = PBXGroup;
			children = (
				640524DE96F3CF91B5964FD4 /* Pods-TravelMeitApp.debug.xcconfig */,
				33C1AB6FBA57804E52BE7E64 /* Pods-TravelMeitApp.release.xcconfig */,
			);
			name = Pods;
			path = Pods;
			sourceTree = "<group>";
		};
		A28C134F2A28315500E19E29 /* Location */ = {
			isa = PBXGroup;
			children = (
				A28C13502A28317300E19E29 /* LocationManager.swift */,
				A28C138C2A2845D000E19E29 /* MyLocation.gpx */,
			);
			path = Location;
			sourceTree = "<group>";
		};
		A2948DD02A250CF600928576 /* UI */ = {
			isa = PBXGroup;
			children = (
				F81523322A240B7E00C9FB41 /* Views */,
				A2948DD82A250D6000928576 /* MonumentsListViewModel.swift */,
				F8E7B68B2A2BF47800B62165 /* MonumentDetailViewModel.swift */,
			);
			path = UI;
			sourceTree = "<group>";
		};
		A2948DD12A250D1400928576 /* Data */ = {
			isa = PBXGroup;
			children = (
				A2948DD22A250D1B00928576 /* Models */,
				A2948DD62A250D4900928576 /* APIService.swift */,
			);
			path = Data;
			sourceTree = "<group>";
		};
		A2948DD22A250D1B00928576 /* Models */ = {
			isa = PBXGroup;
			children = (
				A2948DD32A250D2C00928576 /* Monuments.swift */,
				A2948DDA2A252E8200928576 /* MonumentsResponse.swift */,
				F83CAE742A32016200C6D5BC /* UserRegistered.swift */,
			);
			path = Models;
			sourceTree = "<group>";
		};
		A2B4D3282A24FE4000BA5635 /* Commons */ = {
			isa = PBXGroup;
			children = (
				F8A0BA542A38E1D600B4E4FC /* UserData.swift */,
				A2D19E8F2A3431EA00898083 /* AppSettings.swift */,
				F81523352A26F8E800C9FB41 /* FilterManager.swift */,
				A2B4D3292A24FE5500BA5635 /* RoundedCorners.swift */,
				A23021642A3BC68F0030BFAE /* CachedAsyncImage.swift */,
				F8A0BA5A2A3E1E4D00B4E4FC /* AppDelegate.swift */,
			);
			path = Commons;
			sourceTree = "<group>";
		};
		B0ECB9F753461E4EF2A0357B /* Frameworks */ = {
			isa = PBXGroup;
			children = (
				D74C196DA94174E1A0EAF930 /* Pods_TravelMeitApp.framework */,
			);
			name = Frameworks;
			sourceTree = "<group>";
		};
		F81523322A240B7E00C9FB41 /* Views */ = {
			isa = PBXGroup;
			children = (
				F829CE612A150C040098E251 /* ContentView.swift */,
				F8294E372A166B3300FFA3DD /* CreateAccountView.swift */,
				F815232E2A20233700C9FB41 /* MonumentsListView.swift */,
				F815232C2A1FFD6100C9FB41 /* MonumentCelView.swift */,
				F81523302A238E8D00C9FB41 /* MonumentDetailView.swift */,
				F8294E392A16879300FFA3DD /* VistaPruebas.swift */,
				F8A0BA562A3E1DC800B4E4FC /* GoogleMapsView.swift */,
				F8A0BA582A3E1E0200B4E4FC /* MapRouteView.swift */,
			);
			path = Views;
			sourceTree = "<group>";
		};
		F829CE532A150C040098E251 = {
			isa = PBXGroup;
			children = (
				F829CE5E2A150C040098E251 /* TravelMeitApp */,
				F829CE5D2A150C040098E251 /* Products */,
				7D1373508854875BCCBE9E70 /* Pods */,
				B0ECB9F753461E4EF2A0357B /* Frameworks */,
			);
			sourceTree = "<group>";
		};
		F829CE5D2A150C040098E251 /* Products */ = {
			isa = PBXGroup;
			children = (
				F829CE5C2A150C040098E251 /* TravelMeitApp.app */,
			);
			name = Products;
			sourceTree = "<group>";
		};
		F829CE5E2A150C040098E251 /* TravelMeitApp */ = {
			isa = PBXGroup;
			children = (
				F8E7B68D2A2C429F00B62165 /* Info.plist */,
				A28C134F2A28315500E19E29 /* Location */,
				A2948DD12A250D1400928576 /* Data */,
				A2948DD02A250CF600928576 /* UI */,
				A2B4D3282A24FE4000BA5635 /* Commons */,
				F829CE5F2A150C040098E251 /* TravelMeitAppApp.swift */,
				F829CE632A150C080098E251 /* Assets.xcassets */,
				F81523332A24386600C9FB41 /* Colors.swift */,
				F829CE652A150C080098E251 /* Preview Content */,
			);
			path = TravelMeitApp;
			sourceTree = "<group>";
		};
		F829CE652A150C080098E251 /* Preview Content */ = {
			isa = PBXGroup;
			children = (
				F829CE662A150C080098E251 /* Preview Assets.xcassets */,
			);
			path = "Preview Content";
			sourceTree = "<group>";
		};
/* End PBXGroup section */

/* Begin PBXNativeTarget section */
		F829CE5B2A150C040098E251 /* TravelMeitApp */ = {
			isa = PBXNativeTarget;
			buildConfigurationList = F829CE6A2A150C080098E251 /* Build configuration list for PBXNativeTarget "TravelMeitApp" */;
			buildPhases = (
				A29914795BFFE2F848B9C600 /* [CP] Check Pods Manifest.lock */,
				F829CE582A150C040098E251 /* Sources */,
				F829CE592A150C040098E251 /* Frameworks */,
				F829CE5A2A150C040098E251 /* Resources */,
				A402C65A90207E0DDA5C1AB2 /* [CP] Copy Pods Resources */,
			);
			buildRules = (
			);
			dependencies = (
			);
			name = TravelMeitApp;
			productName = TravelMeitApp;
			productReference = F829CE5C2A150C040098E251 /* TravelMeitApp.app */;
			productType = "com.apple.product-type.application";
		};
/* End PBXNativeTarget section */

/* Begin PBXProject section */
		F829CE542A150C040098E251 /* Project object */ = {
			isa = PBXProject;
			attributes = {
				BuildIndependentTargetsInParallel = 1;
				LastSwiftUpdateCheck = 1420;
				LastUpgradeCheck = 1420;
				TargetAttributes = {
					F829CE5B2A150C040098E251 = {
						CreatedOnToolsVersion = 14.2;
					};
				};
			};
			buildConfigurationList = F829CE572A150C040098E251 /* Build configuration list for PBXProject "TravelMeitApp" */;
			compatibilityVersion = "Xcode 14.0";
			developmentRegion = en;
			hasScannedForEncodings = 0;
			knownRegions = (
				en,
				Base,
			);
			mainGroup = F829CE532A150C040098E251;
			productRefGroup = F829CE5D2A150C040098E251 /* Products */;
			projectDirPath = "";
			projectRoot = "";
			targets = (
				F829CE5B2A150C040098E251 /* TravelMeitApp */,
			);
		};
/* End PBXProject section */

/* Begin PBXResourcesBuildPhase section */
		F829CE5A2A150C040098E251 /* Resources */ = {
			isa = PBXResourcesBuildPhase;
			buildActionMask = 2147483647;
			files = (
				F829CE672A150C080098E251 /* Preview Assets.xcassets in Resources */,
				F829CE642A150C080098E251 /* Assets.xcassets in Resources */,
			);
			runOnlyForDeploymentPostprocessing = 0;
		};
/* End PBXResourcesBuildPhase section */

/* Begin PBXShellScriptBuildPhase section */
		A29914795BFFE2F848B9C600 /* [CP] Check Pods Manifest.lock */ = {
			isa = PBXShellScriptBuildPhase;
			buildActionMask = 2147483647;
			files = (
			);
			inputFileListPaths = (
			);
			inputPaths = (
				"${PODS_PODFILE_DIR_PATH}/Podfile.lock",
				"${PODS_ROOT}/Manifest.lock",
			);
			name = "[CP] Check Pods Manifest.lock";
			outputFileListPaths = (
			);
			outputPaths = (
				"$(DERIVED_FILE_DIR)/Pods-TravelMeitApp-checkManifestLockResult.txt",
			);
			runOnlyForDeploymentPostprocessing = 0;
			shellPath = /bin/sh;
			shellScript = "diff \"${PODS_PODFILE_DIR_PATH}/Podfile.lock\" \"${PODS_ROOT}/Manifest.lock\" > /dev/null\nif [ $? != 0 ] ; then\n    # print error to STDERR\n    echo \"error: The sandbox is not in sync with the Podfile.lock. Run 'pod install' or update your CocoaPods installation.\" >&2\n    exit 1\nfi\n# This output is used by Xcode 'outputs' to avoid re-running this script phase.\necho \"SUCCESS\" > \"${SCRIPT_OUTPUT_FILE_0}\"\n";
			showEnvVarsInLog = 0;
		};
		A402C65A90207E0DDA5C1AB2 /* [CP] Copy Pods Resources */ = {
			isa = PBXShellScriptBuildPhase;
			buildActionMask = 2147483647;
			files = (
			);
			inputFileListPaths = (
				"${PODS_ROOT}/Target Support Files/Pods-TravelMeitApp/Pods-TravelMeitApp-resources-${CONFIGURATION}-input-files.xcfilelist",
			);
			name = "[CP] Copy Pods Resources";
			outputFileListPaths = (
				"${PODS_ROOT}/Target Support Files/Pods-TravelMeitApp/Pods-TravelMeitApp-resources-${CONFIGURATION}-output-files.xcfilelist",
			);
			runOnlyForDeploymentPostprocessing = 0;
			shellPath = /bin/sh;
			shellScript = "\"${PODS_ROOT}/Target Support Files/Pods-TravelMeitApp/Pods-TravelMeitApp-resources.sh\"\n";
			showEnvVarsInLog = 0;
		};
/* End PBXShellScriptBuildPhase section */

/* Begin PBXSourcesBuildPhase section */
		F829CE582A150C040098E251 /* Sources */ = {
			isa = PBXSourcesBuildPhase;
			buildActionMask = 2147483647;
			files = (
				F815232D2A1FFD6100C9FB41 /* MonumentCelView.swift in Sources */,
				F81523342A24386700C9FB41 /* Colors.swift in Sources */,
				A28C13512A28317300E19E29 /* LocationManager.swift in Sources */,
				F8A0BA592A3E1E0200B4E4FC /* MapRouteView.swift in Sources */,
				F8A0BA552A38E1D600B4E4FC /* UserData.swift in Sources */,
				F8294E382A166B3300FFA3DD /* CreateAccountView.swift in Sources */,
				F829CE622A150C040098E251 /* ContentView.swift in Sources */,
				A2948DDB2A252E8200928576 /* MonumentsResponse.swift in Sources */,
				F81523362A26F8E800C9FB41 /* FilterManager.swift in Sources */,
				A2948DD72A250D4900928576 /* APIService.swift in Sources */,
				A2948DD92A250D6000928576 /* MonumentsListViewModel.swift in Sources */,
				F8294E3A2A16879300FFA3DD /* VistaPruebas.swift in Sources */,
				F83CAE752A32016200C6D5BC /* UserRegistered.swift in Sources */,
				F8E7B68C2A2BF47800B62165 /* MonumentDetailViewModel.swift in Sources */,
				F81523312A238E8D00C9FB41 /* MonumentDetailView.swift in Sources */,
				A2948DD42A250D2C00928576 /* Monuments.swift in Sources */,
				F8A0BA572A3E1DC800B4E4FC /* GoogleMapsView.swift in Sources */,
				A2D19E902A3431EA00898083 /* AppSettings.swift in Sources */,
				F829CE602A150C040098E251 /* TravelMeitAppApp.swift in Sources */,
				A2B4D32A2A24FE5500BA5635 /* RoundedCorners.swift in Sources */,
				A23021652A3BC68F0030BFAE /* CachedAsyncImage.swift in Sources */,
				F815232F2A20233700C9FB41 /* MonumentsListView.swift in Sources */,
				F8A0BA5B2A3E1E4D00B4E4FC /* AppDelegate.swift in Sources */,
			);
			runOnlyForDeploymentPostprocessing = 0;
		};
/* End PBXSourcesBuildPhase section */

/* Begin XCBuildConfiguration section */
		F829CE682A150C080098E251 /* Debug */ = {
			isa = XCBuildConfiguration;
			buildSettings = {
				ALWAYS_SEARCH_USER_PATHS = NO;
				CLANG_ANALYZER_NONNULL = YES;
				CLANG_ANALYZER_NUMBER_OBJECT_CONVERSION = YES_AGGRESSIVE;
				CLANG_CXX_LANGUAGE_STANDARD = "gnu++20";
				CLANG_ENABLE_MODULES = YES;
				CLANG_ENABLE_OBJC_ARC = YES;
				CLANG_ENABLE_OBJC_WEAK = YES;
				CLANG_WARN_BLOCK_CAPTURE_AUTORELEASING = YES;
				CLANG_WARN_BOOL_CONVERSION = YES;
				CLANG_WARN_COMMA = YES;
				CLANG_WARN_CONSTANT_CONVERSION = YES;
				CLANG_WARN_DEPRECATED_OBJC_IMPLEMENTATIONS = YES;
				CLANG_WARN_DIRECT_OBJC_ISA_USAGE = YES_ERROR;
				CLANG_WARN_DOCUMENTATION_COMMENTS = YES;
				CLANG_WARN_EMPTY_BODY = YES;
				CLANG_WARN_ENUM_CONVERSION = YES;
				CLANG_WARN_INFINITE_RECURSION = YES;
				CLANG_WARN_INT_CONVERSION = YES;
				CLANG_WARN_NON_LITERAL_NULL_CONVERSION = YES;
				CLANG_WARN_OBJC_IMPLICIT_RETAIN_SELF = YES;
				CLANG_WARN_OBJC_LITERAL_CONVERSION = YES;
				CLANG_WARN_OBJC_ROOT_CLASS = YES_ERROR;
				CLANG_WARN_QUOTED_INCLUDE_IN_FRAMEWORK_HEADER = YES;
				CLANG_WARN_RANGE_LOOP_ANALYSIS = YES;
				CLANG_WARN_STRICT_PROTOTYPES = YES;
				CLANG_WARN_SUSPICIOUS_MOVE = YES;
				CLANG_WARN_UNGUARDED_AVAILABILITY = YES_AGGRESSIVE;
				CLANG_WARN_UNREACHABLE_CODE = YES;
				CLANG_WARN__DUPLICATE_METHOD_MATCH = YES;
				COPY_PHASE_STRIP = NO;
				DEBUG_INFORMATION_FORMAT = dwarf;
				ENABLE_STRICT_OBJC_MSGSEND = YES;
				ENABLE_TESTABILITY = YES;
				GCC_C_LANGUAGE_STANDARD = gnu11;
				GCC_DYNAMIC_NO_PIC = NO;
				GCC_NO_COMMON_BLOCKS = YES;
				GCC_OPTIMIZATION_LEVEL = 0;
				GCC_PREPROCESSOR_DEFINITIONS = (
					"DEBUG=1",
					"$(inherited)",
				);
				GCC_WARN_64_TO_32_BIT_CONVERSION = YES;
				GCC_WARN_ABOUT_RETURN_TYPE = YES_ERROR;
				GCC_WARN_UNDECLARED_SELECTOR = YES;
				GCC_WARN_UNINITIALIZED_AUTOS = YES_AGGRESSIVE;
				GCC_WARN_UNUSED_FUNCTION = YES;
				GCC_WARN_UNUSED_VARIABLE = YES;
				IPHONEOS_DEPLOYMENT_TARGET = 16.2;
				MTL_ENABLE_DEBUG_INFO = INCLUDE_SOURCE;
				MTL_FAST_MATH = YES;
				ONLY_ACTIVE_ARCH = YES;
				SDKROOT = iphoneos;
				SWIFT_ACTIVE_COMPILATION_CONDITIONS = DEBUG;
				SWIFT_OPTIMIZATION_LEVEL = "-Onone";
			};
			name = Debug;
		};
		F829CE692A150C080098E251 /* Release */ = {
			isa = XCBuildConfiguration;
			buildSettings = {
				ALWAYS_SEARCH_USER_PATHS = NO;
				CLANG_ANALYZER_NONNULL = YES;
				CLANG_ANALYZER_NUMBER_OBJECT_CONVERSION = YES_AGGRESSIVE;
				CLANG_CXX_LANGUAGE_STANDARD = "gnu++20";
				CLANG_ENABLE_MODULES = YES;
				CLANG_ENABLE_OBJC_ARC = YES;
				CLANG_ENABLE_OBJC_WEAK = YES;
				CLANG_WARN_BLOCK_CAPTURE_AUTORELEASING = YES;
				CLANG_WARN_BOOL_CONVERSION = YES;
				CLANG_WARN_COMMA = YES;
				CLANG_WARN_CONSTANT_CONVERSION = YES;
				CLANG_WARN_DEPRECATED_OBJC_IMPLEMENTATIONS = YES;
				CLANG_WARN_DIRECT_OBJC_ISA_USAGE = YES_ERROR;
				CLANG_WARN_DOCUMENTATION_COMMENTS = YES;
				CLANG_WARN_EMPTY_BODY = YES;
				CLANG_WARN_ENUM_CONVERSION = YES;
				CLANG_WARN_INFINITE_RECURSION = YES;
				CLANG_WARN_INT_CONVERSION = YES;
				CLANG_WARN_NON_LITERAL_NULL_CONVERSION = YES;
				CLANG_WARN_OBJC_IMPLICIT_RETAIN_SELF = YES;
				CLANG_WARN_OBJC_LITERAL_CONVERSION = YES;
				CLANG_WARN_OBJC_ROOT_CLASS = YES_ERROR;
				CLANG_WARN_QUOTED_INCLUDE_IN_FRAMEWORK_HEADER = YES;
				CLANG_WARN_RANGE_LOOP_ANALYSIS = YES;
				CLANG_WARN_STRICT_PROTOTYPES = YES;
				CLANG_WARN_SUSPICIOUS_MOVE = YES;
				CLANG_WARN_UNGUARDED_AVAILABILITY = YES_AGGRESSIVE;
				CLANG_WARN_UNREACHABLE_CODE = YES;
				CLANG_WARN__DUPLICATE_METHOD_MATCH = YES;
				COPY_PHASE_STRIP = NO;
				DEBUG_INFORMATION_FORMAT = "dwarf-with-dsym";
				ENABLE_NS_ASSERTIONS = NO;
				ENABLE_STRICT_OBJC_MSGSEND = YES;
				GCC_C_LANGUAGE_STANDARD = gnu11;
				GCC_NO_COMMON_BLOCKS = YES;
				GCC_WARN_64_TO_32_BIT_CONVERSION = YES;
				GCC_WARN_ABOUT_RETURN_TYPE = YES_ERROR;
				GCC_WARN_UNDECLARED_SELECTOR = YES;
				GCC_WARN_UNINITIALIZED_AUTOS = YES_AGGRESSIVE;
				GCC_WARN_UNUSED_FUNCTION = YES;
				GCC_WARN_UNUSED_VARIABLE = YES;
				IPHONEOS_DEPLOYMENT_TARGET = 16.2;
				MTL_ENABLE_DEBUG_INFO = NO;
				MTL_FAST_MATH = YES;
				SDKROOT = iphoneos;
				SWIFT_COMPILATION_MODE = wholemodule;
				SWIFT_OPTIMIZATION_LEVEL = "-O";
				VALIDATE_PRODUCT = YES;
			};
			name = Release;
		};
		F829CE6B2A150C080098E251 /* Debug */ = {
			isa = XCBuildConfiguration;
			baseConfigurationReference = 640524DE96F3CF91B5964FD4 /* Pods-TravelMeitApp.debug.xcconfig */;
			buildSettings = {
				ASSETCATALOG_COMPILER_APPICON_NAME = AppIcon;
				ASSETCATALOG_COMPILER_GLOBAL_ACCENT_COLOR_NAME = AccentColor;
				CODE_SIGN_STYLE = Automatic;
				CURRENT_PROJECT_VERSION = 1;
				DEVELOPMENT_ASSET_PATHS = "\"TravelMeitApp/Preview Content\"";
				DEVELOPMENT_TEAM = 589WUB4565;
				ENABLE_PREVIEWS = YES;
				GENERATE_INFOPLIST_FILE = YES;
				INFOPLIST_FILE = TravelMeitApp/Info.plist;
				INFOPLIST_KEY_NSLocationWhenInUseUsageDescription = "App permissions";
				INFOPLIST_KEY_NSMicrophoneUsageDescription = "App permissions";
				INFOPLIST_KEY_UIApplicationSceneManifest_Generation = YES;
				INFOPLIST_KEY_UIApplicationSupportsIndirectInputEvents = YES;
				INFOPLIST_KEY_UILaunchScreen_Generation = YES;
				INFOPLIST_KEY_UISupportedInterfaceOrientations_iPad = "UIInterfaceOrientationPortrait UIInterfaceOrientationPortraitUpsideDown UIInterfaceOrientationLandscapeLeft UIInterfaceOrientationLandscapeRight";
				INFOPLIST_KEY_UISupportedInterfaceOrientations_iPhone = "UIInterfaceOrientationPortrait UIInterfaceOrientationLandscapeLeft UIInterfaceOrientationLandscapeRight";
				IPHONEOS_DEPLOYMENT_TARGET = 15.0;
				LD_RUNPATH_SEARCH_PATHS = (
					"$(inherited)",
					"@executable_path/Frameworks",
				);
				MARKETING_VERSION = 1.0;
				PRODUCT_BUNDLE_IDENTIFIER = TraveilMeitGroup.TravelMeitApp;
				PRODUCT_NAME = "$(TARGET_NAME)";
				SWIFT_EMIT_LOC_STRINGS = YES;
				SWIFT_VERSION = 5.0;
				TARGETED_DEVICE_FAMILY = "1,2";
			};
			name = Debug;
		};
		F829CE6C2A150C080098E251 /* Release */ = {
			isa = XCBuildConfiguration;
			baseConfigurationReference = 33C1AB6FBA57804E52BE7E64 /* Pods-TravelMeitApp.release.xcconfig */;
			buildSettings = {
				ASSETCATALOG_COMPILER_APPICON_NAME = AppIcon;
				ASSETCATALOG_COMPILER_GLOBAL_ACCENT_COLOR_NAME = AccentColor;
				CODE_SIGN_STYLE = Automatic;
				CURRENT_PROJECT_VERSION = 1;
				DEVELOPMENT_ASSET_PATHS = "\"TravelMeitApp/Preview Content\"";
				DEVELOPMENT_TEAM = 589WUB4565;
				ENABLE_PREVIEWS = YES;
				GENERATE_INFOPLIST_FILE = YES;
				INFOPLIST_FILE = TravelMeitApp/Info.plist;
				INFOPLIST_KEY_NSLocationWhenInUseUsageDescription = "App permissions";
				INFOPLIST_KEY_NSMicrophoneUsageDescription = "App permissions";
				INFOPLIST_KEY_UIApplicationSceneManifest_Generation = YES;
				INFOPLIST_KEY_UIApplicationSupportsIndirectInputEvents = YES;
				INFOPLIST_KEY_UILaunchScreen_Generation = YES;
				INFOPLIST_KEY_UISupportedInterfaceOrientations_iPad = "UIInterfaceOrientationPortrait UIInterfaceOrientationPortraitUpsideDown UIInterfaceOrientationLandscapeLeft UIInterfaceOrientationLandscapeRight";
				INFOPLIST_KEY_UISupportedInterfaceOrientations_iPhone = "UIInterfaceOrientationPortrait UIInterfaceOrientationLandscapeLeft UIInterfaceOrientationLandscapeRight";
				IPHONEOS_DEPLOYMENT_TARGET = 15.0;
				LD_RUNPATH_SEARCH_PATHS = (
					"$(inherited)",
					"@executable_path/Frameworks",
				);
				MARKETING_VERSION = 1.0;
				PRODUCT_BUNDLE_IDENTIFIER = TraveilMeitGroup.TravelMeitApp;
				PRODUCT_NAME = "$(TARGET_NAME)";
				SWIFT_EMIT_LOC_STRINGS = YES;
				SWIFT_VERSION = 5.0;
				TARGETED_DEVICE_FAMILY = "1,2";
			};
			name = Release;
		};
/* End XCBuildConfiguration section */

/* Begin XCConfigurationList section */
		F829CE572A150C040098E251 /* Build configuration list for PBXProject "TravelMeitApp" */ = {
			isa = XCConfigurationList;
			buildConfigurations = (
				F829CE682A150C080098E251 /* Debug */,
				F829CE692A150C080098E251 /* Release */,
			);
			defaultConfigurationIsVisible = 0;
			defaultConfigurationName = Release;
		};
		F829CE6A2A150C080098E251 /* Build configuration list for PBXNativeTarget "TravelMeitApp" */ = {
			isa = XCConfigurationList;
			buildConfigurations = (
				F829CE6B2A150C080098E251 /* Debug */,
				F829CE6C2A150C080098E251 /* Release */,
			);
			defaultConfigurationIsVisible = 0;
			defaultConfigurationName = Release;
		};
/* End XCConfigurationList section */
	};
	rootObject = F829CE542A150C040098E251 /* Project object */;
}
